
Microsoft Visual Studio Solution File, Format Version 12.00
# Visual Studio Version 17
VisualStudioVersion = 17.6.33815.320
MinimumVisualStudioVersion = 10.0.40219.1
Project("{FAE04EC0-301F-11D3-BF4B-00C04F79EFBC}") = "08.07_System", "08.07_System.csproj", "{33F84DB2-5DE5-49A6-816F-4EB5B59D478E}"
EndProject
Global
	GlobalSection(SolutionConfigurationPlatforms) = preSolution
		Debug|Any CPU = Debug|Any CPU
		Release|Any CPU = Release|Any CPU
	EndGlobalSection
	GlobalSection(ProjectConfigurationPlatforms) = postSolution
		{33F84DB2-5DE5-49A6-816F-4EB5B59D478E}.Debug|Any CPU.ActiveCfg = Debug|Any CPU
		{33F84DB2-5DE5-49A6-816F-4EB5B59D478E}.Debug|Any CPU.Build.0 = Debug|Any CPU
		{33F84DB2-5DE5-49A6-816F-4EB5B59D478E}.Release|Any CPU.ActiveCfg = Release|Any CPU
		{33F84DB2-5DE5-49A6-816F-4EB5B59D478E}.Release|Any CPU.Build.0 = Release|Any CPU
	EndGlobalSection
	GlobalSection(SolutionProperties) = preSolution
		HideSolutionNode = FALSE
	EndGlobalSection
	GlobalSection(ExtensibilityGlobals) = postSolution
		SolutionGuid = {33A6D376-7957-46F8-ABDF-4EFF9C999A78}
	EndGlobalSection
EndGlobal
